
Microsoft Visual Studio Solution File, Format Version 12.00
# Visual Studio Version 17
VisualStudioVersion = 17.2.32516.85
MinimumVisualStudioVersion = 10.0.40219.1
Project("{9A19103F-16F7-4668-BE54-9A1E7A4F7556}") = "LM.WEB", "LM.WEB\LM.WEB.csproj", "{30ED6201-7F9C-48A9-9000-A29DE9BE25BA}"
EndProject
Project("{9A19103F-16F7-4668-BE54-9A1E7A4F7556}") = "LM.API", "LM.API\LM.API.csproj", "{82216627-C950-4959-A2B0-6D1EB6BA5182}"
EndProject
Project("{9A19103F-16F7-4668-BE54-9A1E7A4F7556}") = "LM.Models", "LM.Models\LM.Models.csproj", "{7EF9D689-E8D6-4F17-A9C6-3FB4EDC737E8}"
EndProject
Global
	GlobalSection(SolutionConfigurationPlatforms) = preSolution
		Debug|Any CPU = Debug|Any CPU
		Release|Any CPU = Release|Any CPU
	EndGlobalSection
	GlobalSection(ProjectConfigurationPlatforms) = postSolution
		{30ED6201-7F9C-48A9-9000-A29DE9BE25BA}.Debug|Any CPU.ActiveCfg = Debug|Any CPU
		{30ED6201-7F9C-48A9-9000-A29DE9BE25BA}.Debug|Any CPU.Build.0 = Debug|Any CPU
		{30ED6201-7F9C-48A9-9000-A29DE9BE25BA}.Release|Any CPU.ActiveCfg = Release|Any CPU
		{30ED6201-7F9C-48A9-9000-A29DE9BE25BA}.Release|Any CPU.Build.0 = Release|Any CPU
		{82216627-C950-4959-A2B0-6D1EB6BA5182}.Debug|Any CPU.ActiveCfg = Debug|Any CPU
		{82216627-C950-4959-A2B0-6D1EB6BA5182}.Debug|Any CPU.Build.0 = Debug|Any CPU
		{82216627-C950-4959-A2B0-6D1EB6BA5182}.Release|Any CPU.ActiveCfg = Release|Any CPU
		{82216627-C950-4959-A2B0-6D1EB6BA5182}.Release|Any CPU.Build.0 = Release|Any CPU
		{7EF9D689-E8D6-4F17-A9C6-3FB4EDC737E8}.Debug|Any CPU.ActiveCfg = Debug|Any CPU
		{7EF9D689-E8D6-4F17-A9C6-3FB4EDC737E8}.Debug|Any CPU.Build.0 = Debug|Any CPU
		{7EF9D689-E8D6-4F17-A9C6-3FB4EDC737E8}.Release|Any CPU.ActiveCfg = Release|Any CPU
		{7EF9D689-E8D6-4F17-A9C6-3FB4EDC737E8}.Release|Any CPU.Build.0 = Release|Any CPU
	EndGlobalSection
	GlobalSection(SolutionProperties) = preSolution
		HideSolutionNode = FALSE
	EndGlobalSection
	GlobalSection(ExtensibilityGlobals) = postSolution
		SolutionGuid = {BD140642-AA2F-488E-BCB4-A802E6046434}
	EndGlobalSection
EndGlobal
